// !$*UTF8*$!
{
	archiveVersion = 1;
	classes = {
	};
	objectVersion = 50;
	objects = {

/* Begin PBXBuildFile section */
		49E511DB223BC12B00B9051C /* AppDelegate.swift in Sources */ = {isa = PBXBuildFile; fileRef = 49E511DA223BC12B00B9051C /* AppDelegate.swift */; };
		49E511DD223BC12B00B9051C /* ViewController.swift in Sources */ = {isa = PBXBuildFile; fileRef = 49E511DC223BC12B00B9051C /* ViewController.swift */; };
		49E511E0223BC12B00B9051C /* Main.storyboard in Resources */ = {isa = PBXBuildFile; fileRef = 49E511DE223BC12B00B9051C /* Main.storyboard */; };
		49E511E5223BC12C00B9051C /* LaunchScreen.storyboard in Resources */ = {isa = PBXBuildFile; fileRef = 49E511E3223BC12C00B9051C /* LaunchScreen.storyboard */; };
		49E511F7223BC2F900B9051C /* HorizontalCalendarView.swift in Sources */ = {isa = PBXBuildFile; fileRef = 49E511F0223BC2F800B9051C /* HorizontalCalendarView.swift */; };
		49E511F8223BC2F900B9051C /* HorizontalCalendar.swift in Sources */ = {isa = PBXBuildFile; fileRef = 49E511F2223BC2F800B9051C /* HorizontalCalendar.swift */; };
		49E511F9223BC2F900B9051C /* CalendarFlowLayout.swift in Sources */ = {isa = PBXBuildFile; fileRef = 49E511F3223BC2F800B9051C /* CalendarFlowLayout.swift */; };
		49E511FA223BC2F900B9051C /* HorizontalCalendarDelegate.swift in Sources */ = {isa = PBXBuildFile; fileRef = 49E511F4223BC2F800B9051C /* HorizontalCalendarDelegate.swift */; };
		49E511FB223BC2F900B9051C /* CalendarCollectionViewCell.swift in Sources */ = {isa = PBXBuildFile; fileRef = 49E511F5223BC2F800B9051C /* CalendarCollectionViewCell.swift */; };
		49E511FD223BCAF500B9051C /* CalendarCollectionViewCell.xib in Sources */ = {isa = PBXBuildFile; fileRef = 49E511F1223BC2F800B9051C /* CalendarCollectionViewCell.xib */; };
		49E511FF223BD5B000B9051C /* Images.xcassets in Resources */ = {isa = PBXBuildFile; fileRef = 49E511FE223BD5B000B9051C /* Images.xcassets */; };
/* End PBXBuildFile section */

/* Begin PBXFileReference section */
		49E511D7223BC12B00B9051C /* TestFranazo.app */ = {isa = PBXFileReference; explicitFileType = wrapper.application; includeInIndex = 0; path = TestFranazo.app; sourceTree = BUILT_PRODUCTS_DIR; };
		49E511DA223BC12B00B9051C /* AppDelegate.swift */ = {isa = PBXFileReference; lastKnownFileType = sourcecode.swift; path = AppDelegate.swift; sourceTree = "<group>"; };
		49E511DC223BC12B00B9051C /* ViewController.swift */ = {isa = PBXFileReference; lastKnownFileType = sourcecode.swift; path = ViewController.swift; sourceTree = "<group>"; };
		49E511DF223BC12B00B9051C /* Base */ = {isa = PBXFileReference; lastKnownFileType = file.storyboard; name = Base; path = Base.lproj/Main.storyboard; sourceTree = "<group>"; };
		49E511E4223BC12C00B9051C /* Base */ = {isa = PBXFileReference; lastKnownFileType = file.storyboard; name = Base; path = Base.lproj/LaunchScreen.storyboard; sourceTree = "<group>"; };
		49E511E6223BC12C00B9051C /* Info.plist */ = {isa = PBXFileReference; lastKnownFileType = text.plist.xml; path = Info.plist; sourceTree = "<group>"; };
		49E511F0223BC2F800B9051C /* HorizontalCalendarView.swift */ = {isa = PBXFileReference; lastKnownFileType = sourcecode.swift; path = HorizontalCalendarView.swift; sourceTree = "<group>"; };
		49E511F1223BC2F800B9051C /* CalendarCollectionViewCell.xib */ = {isa = PBXFileReference; lastKnownFileType = file.xib; path = CalendarCollectionViewCell.xib; sourceTree = "<group>"; };
		49E511F2223BC2F800B9051C /* HorizontalCalendar.swift */ = {isa = PBXFileReference; lastKnownFileType = sourcecode.swift; path = HorizontalCalendar.swift; sourceTree = "<group>"; };
		49E511F3223BC2F800B9051C /* CalendarFlowLayout.swift */ = {isa = PBXFileReference; lastKnownFileType = sourcecode.swift; path = CalendarFlowLayout.swift; sourceTree = "<group>"; };
		49E511F4223BC2F800B9051C /* HorizontalCalendarDelegate.swift */ = {isa = PBXFileReference; lastKnownFileType = sourcecode.swift; path = HorizontalCalendarDelegate.swift; sourceTree = "<group>"; };
		49E511F5223BC2F800B9051C /* CalendarCollectionViewCell.swift */ = {isa = PBXFileReference; lastKnownFileType = sourcecode.swift; path = CalendarCollectionViewCell.swift; sourceTree = "<group>"; };
		49E511FE223BD5B000B9051C /* Images.xcassets */ = {isa = PBXFileReference; lastKnownFileType = folder.assetcatalog; path = Images.xcassets; sourceTree = "<group>"; };
/* End PBXFileReference section */

/* Begin PBXFrameworksBuildPhase section */
		49E511D4223BC12B00B9051C /* Frameworks */ = {
			isa = PBXFrameworksBuildPhase;
			buildActionMask = 2147483647;
			files = (
			);
			runOnlyForDeploymentPostprocessing = 0;
		};
/* End PBXFrameworksBuildPhase section */

/* Begin PBXGroup section */
		49E511CE223BC12B00B9051C = {
			isa = PBXGroup;
			children = (
				49E511D9223BC12B00B9051C /* TestFranazo */,
				49E511D8223BC12B00B9051C /* Products */,
			);
			sourceTree = "<group>";
		};
		49E511D8223BC12B00B9051C /* Products */ = {
			isa = PBXGroup;
			children = (
				49E511D7223BC12B00B9051C /* TestFranazo.app */,
			);
			name = Products;
			sourceTree = "<group>";
		};
		49E511D9223BC12B00B9051C /* TestFranazo */ = {
			isa = PBXGroup;
			children = (
				49E511F5223BC2F800B9051C /* CalendarCollectionViewCell.swift */,
				49E511F1223BC2F800B9051C /* CalendarCollectionViewCell.xib */,
				49E511F3223BC2F800B9051C /* CalendarFlowLayout.swift */,
				49E511F2223BC2F800B9051C /* HorizontalCalendar.swift */,
				49E511F4223BC2F800B9051C /* HorizontalCalendarDelegate.swift */,
				49E511F0223BC2F800B9051C /* HorizontalCalendarView.swift */,
				49E511DA223BC12B00B9051C /* AppDelegate.swift */,
				49E511DC223BC12B00B9051C /* ViewController.swift */,
				49E511DE223BC12B00B9051C /* Main.storyboard */,
				49E511E3223BC12C00B9051C /* LaunchScreen.storyboard */,
				49E511E6223BC12C00B9051C /* Info.plist */,
				49E511FE223BD5B000B9051C /* Images.xcassets */,
			);
			path = TestFranazo;
			sourceTree = "<group>";
		};
/* End PBXGroup section */

/* Begin PBXNativeTarget section */
		49E511D6223BC12B00B9051C /* TestFranazo */ = {
			isa = PBXNativeTarget;
			buildConfigurationList = 49E511E9223BC12C00B9051C /* Build configuration list for PBXNativeTarget "TestFranazo" */;
			buildPhases = (
				49E511D3223BC12B00B9051C /* Sources */,
				49E511D4223BC12B00B9051C /* Frameworks */,
				49E511D5223BC12B00B9051C /* Resources */,
			);
			buildRules = (
			);
			dependencies = (
			);
			name = TestFranazo;
			productName = TestFranazo;
			productReference = 49E511D7223BC12B00B9051C /* TestFranazo.app */;
			productType = "com.apple.product-type.application";
		};
/* End PBXNativeTarget section */

/* Begin PBXProject section */
		49E511CF223BC12B00B9051C /* Project object */ = {
			isa = PBXProject;
			attributes = {
				LastSwiftUpdateCheck = 1010;
				LastUpgradeCheck = 1010;
				ORGANIZATIONNAME = Mattia;
				TargetAttributes = {
					49E511D6223BC12B00B9051C = {
						CreatedOnToolsVersion = 10.1;
					};
				};
			};
			buildConfigurationList = 49E511D2223BC12B00B9051C /* Build configuration list for PBXProject "TestFranazo" */;
			compatibilityVersion = "Xcode 9.3";
			developmentRegion = en;
			hasScannedForEncodings = 0;
			knownRegions = (
				en,
				Base,
			);
			mainGroup = 49E511CE223BC12B00B9051C;
			productRefGroup = 49E511D8223BC12B00B9051C /* Products */;
			projectDirPath = "";
			projectRoot = "";
			targets = (
				49E511D6223BC12B00B9051C /* TestFranazo */,
			);
		};
/* End PBXProject section */

/* Begin PBXResourcesBuildPhase section */
		49E511D5223BC12B00B9051C /* Resources */ = {
			isa = PBXResourcesBuildPhase;
			buildActionMask = 2147483647;
			files = (
				49E511FF223BD5B000B9051C /* Images.xcassets in Resources */,
				49E511E5223BC12C00B9051C /* LaunchScreen.storyboard in Resources */,
				49E511E0223BC12B00B9051C /* Main.storyboard in Resources */,
			);
			runOnlyForDeploymentPostprocessing = 0;
		};
/* End PBXResourcesBuildPhase section */

/* Begin PBXSourcesBuildPhase section */
		49E511D3223BC12B00B9051C /* Sources */ = {
			isa = PBXSourcesBuildPhase;
			buildActionMask = 2147483647;
			files = (
				49E511FD223BCAF500B9051C /* CalendarCollectionViewCell.xib in Sources */,
				49E511DD223BC12B00B9051C /* ViewController.swift in Sources */,
				49E511FB223BC2F900B9051C /* CalendarCollectionViewCell.swift in Sources */,
				49E511DB223BC12B00B9051C /* AppDelegate.swift in Sources */,
				49E511F7223BC2F900B9051C /* HorizontalCalendarView.swift in Sources */,
				49E511F9223BC2F900B9051C /* CalendarFlowLayout.swift in Sources */,
				49E511FA223BC2F900B9051C /* HorizontalCalendarDelegate.swift in Sources */,
				49E511F8223BC2F900B9051C /* HorizontalCalendar.swift in Sources */,
			);
			runOnlyForDeploymentPostprocessing = 0;
		};
/* End PBXSourcesBuildPhase section */

/* Begin PBXVariantGroup section */
		49E511DE223BC12B00B9051C /* Main.storyboard */ = {
			isa = PBXVariantGroup;
			children = (
				49E511DF223BC12B00B9051C /* Base */,
			);
			name = Main.storyboard;
			sourceTree = "<group>";
		};
		49E511E3223BC12C00B9051C /* LaunchScreen.storyboard */ = {
			isa = PBXVariantGroup;
			children = (
				49E511E4223BC12C00B9051C /* Base */,
			);
			name = LaunchScreen.storyboard;
			sourceTree = "<group>";
		};
/* End PBXVariantGroup section */

/* Begin XCBuildConfiguration section */
		49E511E7223BC12C00B9051C /* Debug */ = {
			isa = XCBuildConfiguration;
			buildSettings = {
				ALWAYS_SEARCH_USER_PATHS = NO;
				CLANG_ANALYZER_NONNULL = YES;
				CLANG_ANALYZER_NUMBER_OBJECT_CONVERSION = YES_AGGRESSIVE;
				CLANG_CXX_LANGUAGE_STANDARD = "gnu++14";
				CLANG_CXX_LIBRARY = "libc++";
				CLANG_ENABLE_MODULES = YES;
				CLANG_ENABLE_OBJC_ARC = YES;
				CLANG_ENABLE_OBJC_WEAK = YES;
				CLANG_WARN_BLOCK_CAPTURE_AUTORELEASING = YES;
				CLANG_WARN_BOOL_CONVERSION = YES;
				CLANG_WARN_COMMA = YES;
				CLANG_WARN_CONSTANT_CONVERSION = YES;
				CLANG_WARN_DEPRECATED_OBJC_IMPLEMENTATIONS = YES;
				CLANG_WARN_DIRECT_OBJC_ISA_USAGE = YES_ERROR;
				CLANG_WARN_DOCUMENTATION_COMMENTS = YES;
				CLANG_WARN_EMPTY_BODY = YES;
				CLANG_WARN_ENUM_CONVERSION = YES;
				CLANG_WARN_INFINITE_RECURSION = YES;
				CLANG_WARN_INT_CONVERSION = YES;
				CLANG_WARN_NON_LITERAL_NULL_CONVERSION = YES;
				CLANG_WARN_OBJC_IMPLICIT_RETAIN_SELF = YES;
				CLANG_WARN_OBJC_LITERAL_CONVERSION = YES;
				CLANG_WARN_OBJC_ROOT_CLASS = YES_ERROR;
				CLANG_WARN_RANGE_LOOP_ANALYSIS = YES;
				CLANG_WARN_STRICT_PROTOTYPES = YES;
				CLANG_WARN_SUSPICIOUS_MOVE = YES;
				CLANG_WARN_UNGUARDED_AVAILABILITY = YES_AGGRESSIVE;
				CLANG_WARN_UNREACHABLE_CODE = YES;
				CLANG_WARN__DUPLICATE_METHOD_MATCH = YES;
				CODE_SIGN_IDENTITY = "iPhone Developer";
				COPY_PHASE_STRIP = NO;
				DEBUG_INFORMATION_FORMAT = dwarf;
				ENABLE_STRICT_OBJC_MSGSEND = YES;
				ENABLE_TESTABILITY = YES;
				GCC_C_LANGUAGE_STANDARD = gnu11;
				GCC_DYNAMIC_NO_PIC = NO;
				GCC_NO_COMMON_BLOCKS = YES;
				GCC_OPTIMIZATION_LEVEL = 0;
				GCC_PREPROCESSOR_DEFINITIONS = (
					"DEBUG=1",
					"$(inherited)",
				);
				GCC_WARN_64_TO_32_BIT_CONVERSION = YES;
				GCC_WARN_ABOUT_RETURN_TYPE = YES_ERROR;
				GCC_WARN_UNDECLARED_SELECTOR = YES;
				GCC_WARN_UNINITIALIZED_AUTOS = YES_AGGRESSIVE;
				GCC_WARN_UNUSED_FUNCTION = YES;
				GCC_WARN_UNUSED_VARIABLE = YES;
				IPHONEOS_DEPLOYMENT_TARGET = 12.1;
				MTL_ENABLE_DEBUG_INFO = INCLUDE_SOURCE;
				MTL_FAST_MATH = YES;
				ONLY_ACTIVE_ARCH = YES;
				SDKROOT = iphoneos;
				SWIFT_ACTIVE_COMPILATION_CONDITIONS = DEBUG;
				SWIFT_OPTIMIZATION_LEVEL = "-Onone";
			};
			name = Debug;
		};
		49E511E8223BC12C00B9051C /* Release */ = {
			isa = XCBuildConfiguration;
			buildSettings = {
				ALWAYS_SEARCH_USER_PATHS = NO;
				CLANG_ANALYZER_NONNULL = YES;
				CLANG_ANALYZER_NUMBER_OBJECT_CONVERSION = YES_AGGRESSIVE;
				CLANG_CXX_LANGUAGE_STANDARD = "gnu++14";
				CLANG_CXX_LIBRARY = "libc++";
				CLANG_ENABLE_MODULES = YES;
				CLANG_ENABLE_OBJC_ARC = YES;
				CLANG_ENABLE_OBJC_WEAK = YES;
				CLANG_WARN_BLOCK_CAPTURE_AUTORELEASING = YES;
				CLANG_WARN_BOOL_CONVERSION = YES;
				CLANG_WARN_COMMA = YES;
				CLANG_WARN_CONSTANT_CONVERSION = YES;
				CLANG_WARN_DEPRECATED_OBJC_IMPLEMENTATIONS = YES;
				CLANG_WARN_DIRECT_OBJC_ISA_USAGE = YES_ERROR;
				CLANG_WARN_DOCUMENTATION_COMMENTS = YES;
				CLANG_WARN_EMPTY_BODY = YES;
				CLANG_WARN_ENUM_CONVERSION = YES;
				CLANG_WARN_INFINITE_RECURSION = YES;
				CLANG_WARN_INT_CONVERSION = YES;
				CLANG_WARN_NON_LITERAL_NULL_CONVERSION = YES;
				CLANG_WARN_OBJC_IMPLICIT_RETAIN_SELF = YES;
				CLANG_WARN_OBJC_LITERAL_CONVERSION = YES;
				CLANG_WARN_OBJC_ROOT_CLASS = YES_ERROR;
				CLANG_WARN_RANGE_LOOP_ANALYSIS = YES;
				CLANG_WARN_STRICT_PROTOTYPES = YES;
				CLANG_WARN_SUSPICIOUS_MOVE = YES;
				CLANG_WARN_UNGUARDED_AVAILABILITY = YES_AGGRESSIVE;
				CLANG_WARN_UNREACHABLE_CODE = YES;
				CLANG_WARN__DUPLICATE_METHOD_MATCH = YES;
				CODE_SIGN_IDENTITY = "iPhone Developer";
				COPY_PHASE_STRIP = NO;
				DEBUG_INFORMATION_FORMAT = "dwarf-with-dsym";
				ENABLE_NS_ASSERTIONS = NO;
				ENABLE_STRICT_OBJC_MSGSEND = YES;
				GCC_C_LANGUAGE_STANDARD = gnu11;
				GCC_NO_COMMON_BLOCKS = YES;
				GCC_WARN_64_TO_32_BIT_CONVERSION = YES;
				GCC_WARN_ABOUT_RETURN_TYPE = YES_ERROR;
				GCC_WARN_UNDECLARED_SELECTOR = YES;
				GCC_WARN_UNINITIALIZED_AUTOS = YES_AGGRESSIVE;
				GCC_WARN_UNUSED_FUNCTION = YES;
				GCC_WARN_UNUSED_VARIABLE = YES;
				IPHONEOS_DEPLOYMENT_TARGET = 12.1;
				MTL_ENABLE_DEBUG_INFO = NO;
				MTL_FAST_MATH = YES;
				SDKROOT = iphoneos;
				SWIFT_COMPILATION_MODE = wholemodule;
				SWIFT_OPTIMIZATION_LEVEL = "-O";
				VALIDATE_PRODUCT = YES;
			};
			name = Release;
		};
		49E511EA223BC12C00B9051C /* Debug */ = {
			isa = XCBuildConfiguration;
			buildSettings = {
				ASSETCATALOG_COMPILER_APPICON_NAME = AppIcon;
				CODE_SIGN_STYLE = Automatic;
				DEVELOPMENT_TEAM = CPJ98JGHA8;
				INFOPLIST_FILE = TestFranazo/Info.plist;
				LD_RUNPATH_SEARCH_PATHS = (
					"$(inherited)",
					"@executable_path/Frameworks",
				);
				PRODUCT_BUNDLE_IDENTIFIER = "-Atos.TestFranazo";
				PRODUCT_NAME = "$(TARGET_NAME)";
				SWIFT_VERSION = 4.2;
				TARGETED_DEVICE_FAMILY = "1,2";
			};
			name = Debug;
		};
		49E511EB223BC12C00B9051C /* Release */ = {
			isa = XCBuildConfiguration;
			buildSettings = {
				ASSETCATALOG_COMPILER_APPICON_NAME = AppIcon;
				CODE_SIGN_STYLE = Automatic;
				DEVELOPMENT_TEAM = CPJ98JGHA8;
				INFOPLIST_FILE = TestFranazo/Info.plist;
				LD_RUNPATH_SEARCH_PATHS = (
					"$(inherited)",
					"@executable_path/Frameworks",
				);
				PRODUCT_BUNDLE_IDENTIFIER = "-Atos.TestFranazo";
				PRODUCT_NAME = "$(TARGET_NAME)";
				SWIFT_VERSION = 4.2;
				TARGETED_DEVICE_FAMILY = "1,2";
			};
			name = Release;
		};
/* End XCBuildConfiguration section */

/* Begin XCConfigurationList section */
		49E511D2223BC12B00B9051C /* Build configuration list for PBXProject "TestFranazo" */ = {
			isa = XCConfigurationList;
			buildConfigurations = (
				49E511E7223BC12C00B9051C /* Debug */,
				49E511E8223BC12C00B9051C /* Release */,
			);
			defaultConfigurationIsVisible = 0;
			defaultConfigurationName = Release;
		};
		49E511E9223BC12C00B9051C /* Build configuration list for PBXNativeTarget "TestFranazo" */ = {
			isa = XCConfigurationList;
			buildConfigurations = (
				49E511EA223BC12C00B9051C /* Debug */,
				49E511EB223BC12C00B9051C /* Release */,
			);
			defaultConfigurationIsVisible = 0;
			defaultConfigurationName = Release;
		};
/* End XCConfigurationList section */
	};
	rootObject = 49E511CF223BC12B00B9051C /* Project object */;
}
